# This file is automatically @generated by Cargo.
# It is not intended for manual editing.
version = 3

[[package]]
name = "cc"
version = "1.2.13"
source = "registry+https://github.com/rust-lang/crates.io-index"
checksum = "c7777341816418c02e033934a09f20dc0ccaf65a5201ef8a450ae0105a573fda"
dependencies = [
 "shlex",
]

[[package]]
name = "cmake"
version = "0.1.53"
source = "registry+https://github.com/rust-lang/crates.io-index"
checksum = "e24a03c8b52922d68a1589ad61032f2c1aa5a8158d2aa0d93c6e9534944bbad6"
dependencies = [
 "cc",
]

[[package]]
name = "rpkg-config"
version = "0.1.2"
source = "registry+https://github.com/rust-lang/crates.io-index"
checksum = "5a2d2f3481209a6b42eec2fbb49063fb4e8d35b57023401495d4fe0f85c817f0"

[[package]]
name = "rsdl3"
version = "0.1.0"
dependencies = [
 "sdl3-sys",
]

[[package]]
name = "sdl3-src"
version = "3.2.4"
source = "registry+https://github.com/rust-lang/crates.io-index"
checksum = "652742893bbef3623ddbd049fa2eaeb7cf62f3f59ab1596727cfea3eb25fe5bb"

[[package]]
name = "sdl3-sys"
version = "0.4.4+SDL3-3.2.4"
source = "registry+https://github.com/rust-lang/crates.io-index"
checksum = "14062c68e4683b8ef222bbd1abb178310dd214c66db83f8080244546601473b1"
dependencies = [
 "cmake",
 "rpkg-config",
 "sdl3-src",
]

[[package]]
name = "shlex"
version = "1.3.0"
source = "registry+https://github.com/rust-lang/crates.io-index"
checksum = "0fda2ff0d084019ba4d7c6f371c95d8fd75ce3524c3cb8fb653a3023f6323e64"
